
Microsoft Visual Studio Solution File, Format Version 12.00
# Visual Studio Version 16
VisualStudioVersion = 16.0.31829.152
MinimumVisualStudioVersion = 10.0.40219.1
Project("{9A19103F-16F7-4668-BE54-9A1E7A4F7556}") = "proyectoinefrable", "proyectoinefrable.csproj", "{747D8A24-644C-4562-84D4-A652E160A275}"
EndProject
Project("{FAE04EC0-301F-11D3-BF4B-00C04F79EFBC}") = "WebApplication1", "..\WebApplication1\WebApplication1.csproj", "{354D7795-ACFA-4261-8C2F-86DCBC6EE4BD}"
EndProject
Global
	GlobalSection(SolutionConfigurationPlatforms) = preSolution
		Debug|Any CPU = Debug|Any CPU
		Release|Any CPU = Release|Any CPU
	EndGlobalSection
	GlobalSection(ProjectConfigurationPlatforms) = postSolution
		{747D8A24-644C-4562-84D4-A652E160A275}.Debug|Any CPU.ActiveCfg = Debug|Any CPU
		{747D8A24-644C-4562-84D4-A652E160A275}.Debug|Any CPU.Build.0 = Debug|Any CPU
		{747D8A24-644C-4562-84D4-A652E160A275}.Release|Any CPU.ActiveCfg = Release|Any CPU
		{747D8A24-644C-4562-84D4-A652E160A275}.Release|Any CPU.Build.0 = Release|Any CPU
		{354D7795-ACFA-4261-8C2F-86DCBC6EE4BD}.Debug|Any CPU.ActiveCfg = Debug|Any CPU
		{354D7795-ACFA-4261-8C2F-86DCBC6EE4BD}.Debug|Any CPU.Build.0 = Debug|Any CPU
		{354D7795-ACFA-4261-8C2F-86DCBC6EE4BD}.Release|Any CPU.ActiveCfg = Release|Any CPU
		{354D7795-ACFA-4261-8C2F-86DCBC6EE4BD}.Release|Any CPU.Build.0 = Release|Any CPU
	EndGlobalSection
	GlobalSection(SolutionProperties) = preSolution
		HideSolutionNode = FALSE
	EndGlobalSection
	GlobalSection(ExtensibilityGlobals) = postSolution
		SolutionGuid = {C4922C3B-37C4-407B-9D91-A77DA0AAB554}
	EndGlobalSection
EndGlobal
